# Auto-generated by mcpp. Do not edit by hand.
# Records what this build resolved. It does not yet pin future builds:
# index dependencies are re-resolved from their constraints each time.
# dev-dependencies are excluded: only `mcpp test` resolves them, and this
# file must not change depending on which command ran last.
version = 2

[package."cmdline"]
namespace = "mcpplibs"
version = "0.0.2"
source  = "index+mcpplibs@0.0.2"
hash    = "fnv1a:630bbac588ad30f7"

[package."openkal"]
namespace = "mcpplibs"
version = "0.12.0"
source  = "index+mcpplibs@0.12.0"
hash    = "fnv1a:c37ee3e201991c70"

[package."openkal-linux"]
namespace = "mcpplibs"
version = "0.12.0"
source  = "index+mcpplibs@0.12.0"
hash    = "fnv1a:adfe3b5e0af73637"

[package."openkal-llvm-runtime"]
namespace = "mcpplibs"
version = "0.9.5"
source  = "index+mcpplibs@0.9.5"
hash    = "fnv1a:ced70774007b93d8"

[package."openkal-musl"]
namespace = "mcpplibs"
version = "0.13.4"
source  = "index+mcpplibs@0.13.4"
hash    = "fnv1a:a08218aae111dc70"

[package."nlohmann.json"]
namespace = "nlohmann"
version = "3.12.0"
source  = "index+nlohmann@3.12.0"
hash    = "fnv1a:998206e0fc3907ad"

