# Auto-generated by mcpp. Do not edit by hand.
# Records what this build resolved. It does not yet pin future builds:
# index dependencies are re-resolved from their constraints each time.
# dev-dependencies are excluded: only `mcpp test` resolves them, and this
# file must not change depending on which command ran last.
version = 2

[package."compat.mbedtls"]
namespace = "compat"
version = "3.6.1"
source  = "index+compat@3.6.1"
hash    = "fnv1a:83dea67ac1379be3"

[package."cmdline"]
namespace = "mcpplibs"
version = "0.0.2"
source  = "index+mcpplibs@0.0.2"
hash    = "fnv1a:630bbac588ad30f7"

[package."mcpplibs.tinyhttps"]
namespace = "mcpplibs"
version = "0.2.8"
source  = "index+mcpplibs@0.2.8"
hash    = "fnv1a:bc63967ab318ede6"

[package."nlohmann.json"]
namespace = "nlohmann"
version = "3.12.0"
source  = "index+nlohmann@3.12.0"
hash    = "fnv1a:998206e0fc3907ad"

